
Microsoft Visual Studio Solution File, Format Version 12.00
# Visual Studio Version 16
VisualStudioVersion = 16.0.30225.117
MinimumVisualStudioVersion = 10.0.40219.1
Project("{9A19103F-16F7-4668-BE54-9A1E7A4F7556}") = "DTF_message_bot", "DTF_message_bot.csproj", "{3CBB4FD1-4AB5-48BC-81DA-F67970DF9A7A}"
EndProject
Project("{E53339B2-1760-4266-BCC7-CA923CBCF16C}") = "docker-compose", "docker-compose.dcproj", "{8E688090-79C8-4C4B-8796-4B7B3E3B11E0}"
EndProject
Project("{2150E333-8FDC-42A3-9474-1A3956D46DE8}") = "Solution Items", "Solution Items", "{B4622DDA-5F24-473E-88A9-10BA2B820512}"
	ProjectSection(SolutionItems) = preProject
		.editorconfig = .editorconfig
	EndProjectSection
EndProject
Global
	GlobalSection(SolutionConfigurationPlatforms) = preSolution
		Debug|Any CPU = Debug|Any CPU
		Release|Any CPU = Release|Any CPU
	EndGlobalSection
	GlobalSection(ProjectConfigurationPlatforms) = postSolution
		{3CBB4FD1-4AB5-48BC-81DA-F67970DF9A7A}.Debug|Any CPU.ActiveCfg = Debug|Any CPU
		{3CBB4FD1-4AB5-48BC-81DA-F67970DF9A7A}.Debug|Any CPU.Build.0 = Debug|Any CPU
		{3CBB4FD1-4AB5-48BC-81DA-F67970DF9A7A}.Release|Any CPU.ActiveCfg = Release|Any CPU
		{3CBB4FD1-4AB5-48BC-81DA-F67970DF9A7A}.Release|Any CPU.Build.0 = Release|Any CPU
		{8E688090-79C8-4C4B-8796-4B7B3E3B11E0}.Debug|Any CPU.ActiveCfg = Debug|Any CPU
		{8E688090-79C8-4C4B-8796-4B7B3E3B11E0}.Debug|Any CPU.Build.0 = Debug|Any CPU
		{8E688090-79C8-4C4B-8796-4B7B3E3B11E0}.Release|Any CPU.ActiveCfg = Release|Any CPU
		{8E688090-79C8-4C4B-8796-4B7B3E3B11E0}.Release|Any CPU.Build.0 = Release|Any CPU
	EndGlobalSection
	GlobalSection(SolutionProperties) = preSolution
		HideSolutionNode = FALSE
	EndGlobalSection
	GlobalSection(ExtensibilityGlobals) = postSolution
		SolutionGuid = {52CA8F60-DF43-4D3F-A14B-DAA8AEDABF99}
	EndGlobalSection
EndGlobal
